{
  "nodes": {
    "nixpkgs": {
      "locked": {
        "lastModified": 1600595405,
        "narHash": "sha256-/ZspunYeuWEwoqcCKw1AIB6t7I2GYG43ZBHxt1aNp/8=",
        "ref": "pu",
        "rev": "635e2c1c7998e7ab912abc8e1afa0473f313b3bb",
        "revCount": 244103,
        "type": "git",
        "url": "file:///home/dguibert/code/nixpkgs"
      },
      "original": {
        "id": "nixpkgs",
        "type": "indirect"
      }
    },
    "root": {
      "inputs": {
        "nixpkgs": "nixpkgs"
      }
    }
  },
  "root": "root",
  "version": 7
}
